
Microsoft Visual Studio Solution File, Format Version 12.00
# Visual Studio Version 16
VisualStudioVersion = 16.0.30621.155
MinimumVisualStudioVersion = 10.0.40219.1
Project("{8BC9CEB8-8B4A-11D0-8D11-00A0C91BC942}") = "OpenglFramework", "OpenglFramework.vcxproj", "{E9DAF016-9992-483E-BBC0-5FFA6A87809E}"
EndProject
Global
	GlobalSection(SolutionConfigurationPlatforms) = preSolution
		Debug|x64 = Debug|x64
		Debug|x86 = Debug|x86
		Release|x64 = Release|x64
		Release|x86 = Release|x86
	EndGlobalSection
	GlobalSection(ProjectConfigurationPlatforms) = postSolution
		{E9DAF016-9992-483E-BBC0-5FFA6A87809E}.Debug|x64.ActiveCfg = Debug|x64
		{E9DAF016-9992-483E-BBC0-5FFA6A87809E}.Debug|x64.Build.0 = Debug|x64
		{E9DAF016-9992-483E-BBC0-5FFA6A87809E}.Debug|x86.ActiveCfg = Debug|Win32
		{E9DAF016-9992-483E-BBC0-5FFA6A87809E}.Debug|x86.Build.0 = Debug|Win32
		{E9DAF016-9992-483E-BBC0-5FFA6A87809E}.Release|x64.ActiveCfg = Release|x64
		{E9DAF016-9992-483E-BBC0-5FFA6A87809E}.Release|x64.Build.0 = Release|x64
		{E9DAF016-9992-483E-BBC0-5FFA6A87809E}.Release|x86.ActiveCfg = Release|Win32
		{E9DAF016-9992-483E-BBC0-5FFA6A87809E}.Release|x86.Build.0 = Release|Win32
	EndGlobalSection
	GlobalSection(SolutionProperties) = preSolution
		HideSolutionNode = FALSE
	EndGlobalSection
	GlobalSection(ExtensibilityGlobals) = postSolution
		SolutionGuid = {D6700321-20C9-4DE9-A614-EFA6AB3891BF}
	EndGlobalSection
EndGlobal
